
Microsoft Visual Studio Solution File, Format Version 12.00
# Visual Studio Version 16
VisualStudioVersion = 16.0.31402.337
MinimumVisualStudioVersion = 10.0.40219.1
Project("{FAE04EC0-301F-11D3-BF4B-00C04F79EFBC}") = "ZakatApp", "ZakatApp\ZakatApp.csproj", "{19E9111D-BB6F-4FCE-88A4-42E4B0E74AED}"
EndProject
Global
	GlobalSection(SolutionConfigurationPlatforms) = preSolution
		Debug|Any CPU = Debug|Any CPU
		Release|Any CPU = Release|Any CPU
	EndGlobalSection
	GlobalSection(ProjectConfigurationPlatforms) = postSolution
		{19E9111D-BB6F-4FCE-88A4-42E4B0E74AED}.Debug|Any CPU.ActiveCfg = Debug|Any CPU
		{19E9111D-BB6F-4FCE-88A4-42E4B0E74AED}.Debug|Any CPU.Build.0 = Debug|Any CPU
		{19E9111D-BB6F-4FCE-88A4-42E4B0E74AED}.Release|Any CPU.ActiveCfg = Release|Any CPU
		{19E9111D-BB6F-4FCE-88A4-42E4B0E74AED}.Release|Any CPU.Build.0 = Release|Any CPU
	EndGlobalSection
	GlobalSection(SolutionProperties) = preSolution
		HideSolutionNode = FALSE
	EndGlobalSection
	GlobalSection(ExtensibilityGlobals) = postSolution
		SolutionGuid = {CFC265A8-8079-4005-9F1A-02B543C0FB25}
	EndGlobalSection
EndGlobal
